# This file is automatically @generated by Wally.
# It is not intended for manual editing.
registry = "test"

[[package]]
name = "carro/ancient-empires"
version = "0.1.0"
dependencies = [["BridgeNet", "ffrostflame/bridgenet@0.1.0"]]

[[package]]
name = "ffrostflame/bridgenet"
version = "0.1.0"
dependencies = []
